{
  "name": "Project-2-Going-the-Social-Distance-KU-EDW",
  "lockfileVersion": 2,
  "requires": true,
  "packages": {
    "": {
      "dependencies": {
        "animejs": "^3.2.1",
        "velocity-animate": "^2.0.6"
      }
    },
    "node_modules/animejs": {
      "version": "3.2.1",
      "resolved": "https://registry.npmjs.org/animejs/-/animejs-3.2.1.tgz",
      "integrity": "sha512-sWno3ugFryK5nhiDm/2BKeFCpZv7vzerWUcUPyAZLDhMek3+S/p418ldZJbJXo5ZUOpfm2kP2XRO4NJcULMy9A=="
    },
    "node_modules/velocity-animate": {
      "version": "2.0.6",
      "resolved": "https://registry.npmjs.org/velocity-animate/-/velocity-animate-2.0.6.tgz",
      "integrity": "sha512-tU+/UtSo3GkIjEfk2KM4e24DvpgX0+FzfLr7XqNwm9BCvZUtbCHPq/AFutx/Mkp2bXlUS9EcX8yxu8XmzAv2Kw=="
    }
  },
  "dependencies": {
    "animejs": {
      "version": "3.2.1",
      "resolved": "https://registry.npmjs.org/animejs/-/animejs-3.2.1.tgz",
      "integrity": "sha512-sWno3ugFryK5nhiDm/2BKeFCpZv7vzerWUcUPyAZLDhMek3+S/p418ldZJbJXo5ZUOpfm2kP2XRO4NJcULMy9A=="
    },
    "velocity-animate": {
      "version": "2.0.6",
      "resolved": "https://registry.npmjs.org/velocity-animate/-/velocity-animate-2.0.6.tgz",
      "integrity": "sha512-tU+/UtSo3GkIjEfk2KM4e24DvpgX0+FzfLr7XqNwm9BCvZUtbCHPq/AFutx/Mkp2bXlUS9EcX8yxu8XmzAv2Kw=="
    }
  }
}
